{
  "name": "openapi-typescript-angular-generator",
  "version": "1.0.0",
  "lockfileVersion": 1,
  "requires": true,
  "dependencies": {
    "@angular/common": {
      "version": "7.1.0",
      "resolved": "https://registry.npmjs.org/@angular/common/-/common-7.1.0.tgz",
      "integrity": "sha512-tu6Hv3/z3K2NLD4ndBioGtcykhbwhMJYUWb0NvaOLhaVYColWKPFpkflEorDWB+3/IWkpELGhA/HQ2zQh7EVyg==",
      "requires": {
        "tslib": "^1.9.0"
      }
    },
    "@angular/core": {
      "version": "7.1.0",
      "resolved": "https://registry.npmjs.org/@angular/core/-/core-7.1.0.tgz",
      "integrity": "sha512-7mMoWuf8jAf4hcjQ0Exz2w9Qx9SRwNuDdtEZFGWH9dZWz5uPCewrN+Kt9MigMfSYGEdLAPcRMIuvFHDCS8B3Hg==",
      "requires": {
        "tslib": "^1.9.0"
      }
    },
    "@angular/forms": {
      "version": "7.1.0",
      "resolved": "https://registry.npmjs.org/@angular/forms/-/forms-7.1.0.tgz",
      "integrity": "sha512-Gwk80SFqucA0Q0E+I90Onec453QVGhcDU0UUAI09NgTKq+K+/g8xudWUx4pwE9t8WOyOhI5jtFRUtY5XAbfnig==",
      "requires": {
        "tslib": "^1.9.0"
      }
    },
    "rxjs": {
      "version": "6.3.3",
      "resolved": "https://registry.npmjs.org/rxjs/-/rxjs-6.3.3.tgz",
      "integrity": "sha512-JTWmoY9tWCs7zvIk/CvRjhjGaOd+OVBM987mxFo+OW66cGpdKjZcpmc74ES1sB//7Kl/PAe8+wEakuhG4pcgOw==",
      "requires": {
        "tslib": "^1.9.0"
      }
    },
    "tslib": {
      "version": "1.9.3",
      "resolved": "https://registry.npmjs.org/tslib/-/tslib-1.9.3.tgz",
      "integrity": "sha512-4krF8scpejhaOgqzBEcGM7yDIEfi0/8+8zDRZhNZZ2kjmHJ4hv3zCbQWxoJGz1iw5U0Jl0nma13xzHXcncMavQ=="
    }
  }
}
